// !$*UTF8*$!
{
	archiveVersion = 1;
	classes = {
	};
	objectVersion = 55;
	objects = {

/* Begin PBXBuildFile section */
		BA12D5C128B8CC7400ACC84C /* AppDelegate.swift in Sources */ = {isa = PBXBuildFile; fileRef = BA12D5C028B8CC7400ACC84C /* AppDelegate.swift */; };
		BA12D5C328B8CC7400ACC84C /* SceneDelegate.swift in Sources */ = {isa = PBXBuildFile; fileRef = BA12D5C228B8CC7400ACC84C /* SceneDelegate.swift */; };
		BA12D5C528B8CC7400ACC84C /* ViewController.swift in Sources */ = {isa = PBXBuildFile; fileRef = BA12D5C428B8CC7400ACC84C /* ViewController.swift */; };
		BA12D5C828B8CC7400ACC84C /* Main.storyboard in Resources */ = {isa = PBXBuildFile; fileRef = BA12D5C628B8CC7400ACC84C /* Main.storyboard */; };
		BA12D5CA28B8CC7700ACC84C /* Assets.xcassets in Resources */ = {isa = PBXBuildFile; fileRef = BA12D5C928B8CC7700ACC84C /* Assets.xcassets */; };
		BA12D5CD28B8CC7700ACC84C /* LaunchScreen.storyboard in Resources */ = {isa = PBXBuildFile; fileRef = BA12D5CB28B8CC7700ACC84C /* LaunchScreen.storyboard */; };
		BA12D5D628B8CE1A00ACC84C /* Realm in Frameworks */ = {isa = PBXBuildFile; productRef = BA12D5D528B8CE1A00ACC84C /* Realm */; };
		BA12D5D828B8CE1A00ACC84C /* RealmSwift in Frameworks */ = {isa = PBXBuildFile; productRef = BA12D5D728B8CE1A00ACC84C /* RealmSwift */; };
		BA12D5DA28B8CF1C00ACC84C /* Memo.swift in Sources */ = {isa = PBXBuildFile; fileRef = BA12D5D928B8CF1C00ACC84C /* Memo.swift */; };
/* End PBXBuildFile section */

/* Begin PBXFileReference section */
		BA12D5BD28B8CC7400ACC84C /* DatebaseRealm.app */ = {isa = PBXFileReference; explicitFileType = wrapper.application; includeInIndex = 0; path = DatebaseRealm.app; sourceTree = BUILT_PRODUCTS_DIR; };
		BA12D5C028B8CC7400ACC84C /* AppDelegate.swift */ = {isa = PBXFileReference; lastKnownFileType = sourcecode.swift; path = AppDelegate.swift; sourceTree = "<group>"; };
		BA12D5C228B8CC7400ACC84C /* SceneDelegate.swift */ = {isa = PBXFileReference; lastKnownFileType = sourcecode.swift; path = SceneDelegate.swift; sourceTree = "<group>"; };
		BA12D5C428B8CC7400ACC84C /* ViewController.swift */ = {isa = PBXFileReference; lastKnownFileType = sourcecode.swift; path = ViewController.swift; sourceTree = "<group>"; };
		BA12D5C728B8CC7400ACC84C /* Base */ = {isa = PBXFileReference; lastKnownFileType = file.storyboard; name = Base; path = Base.lproj/Main.storyboard; sourceTree = "<group>"; };
		BA12D5C928B8CC7700ACC84C /* Assets.xcassets */ = {isa = PBXFileReference; lastKnownFileType = folder.assetcatalog; path = Assets.xcassets; sourceTree = "<group>"; };
		BA12D5CC28B8CC7700ACC84C /* Base */ = {isa = PBXFileReference; lastKnownFileType = file.storyboard; name = Base; path = Base.lproj/LaunchScreen.storyboard; sourceTree = "<group>"; };
		BA12D5CE28B8CC7700ACC84C /* Info.plist */ = {isa = PBXFileReference; lastKnownFileType = text.plist.xml; path = Info.plist; sourceTree = "<group>"; };
		BA12D5D928B8CF1C00ACC84C /* Memo.swift */ = {isa = PBXFileReference; lastKnownFileType = sourcecode.swift; path = Memo.swift; sourceTree = "<group>"; };
/* End PBXFileReference section */

/* Begin PBXFrameworksBuildPhase section */
		BA12D5BA28B8CC7400ACC84C /* Frameworks */ = {
			isa = PBXFrameworksBuildPhase;
			buildActionMask = 2147483647;
			files = (
				BA12D5D828B8CE1A00ACC84C /* RealmSwift in Frameworks */,
				BA12D5D628B8CE1A00ACC84C /* Realm in Frameworks */,
			);
			runOnlyForDeploymentPostprocessing = 0;
		};
/* End PBXFrameworksBuildPhase section */

/* Begin PBXGroup section */
		BA12D5B428B8CC7400ACC84C = {
			isa = PBXGroup;
			children = (
				BA12D5BF28B8CC7400ACC84C /* DatebaseRealm */,
				BA12D5BE28B8CC7400ACC84C /* Products */,
			);
			sourceTree = "<group>";
		};
		BA12D5BE28B8CC7400ACC84C /* Products */ = {
			isa = PBXGroup;
			children = (
				BA12D5BD28B8CC7400ACC84C /* DatebaseRealm.app */,
			);
			name = Products;
			sourceTree = "<group>";
		};
		BA12D5BF28B8CC7400ACC84C /* DatebaseRealm */ = {
			isa = PBXGroup;
			children = (
				BA12D5C028B8CC7400ACC84C /* AppDelegate.swift */,
				BA12D5C228B8CC7400ACC84C /* SceneDelegate.swift */,
				BA12D5C428B8CC7400ACC84C /* ViewController.swift */,
				BA12D5C628B8CC7400ACC84C /* Main.storyboard */,
				BA12D5C928B8CC7700ACC84C /* Assets.xcassets */,
				BA12D5CB28B8CC7700ACC84C /* LaunchScreen.storyboard */,
				BA12D5CE28B8CC7700ACC84C /* Info.plist */,
				BA12D5D928B8CF1C00ACC84C /* Memo.swift */,
			);
			path = DatebaseRealm;
			sourceTree = "<group>";
		};
/* End PBXGroup section */

/* Begin PBXNativeTarget section */
		BA12D5BC28B8CC7400ACC84C /* DatebaseRealm */ = {
			isa = PBXNativeTarget;
			buildConfigurationList = BA12D5D128B8CC7700ACC84C /* Build configuration list for PBXNativeTarget "DatebaseRealm" */;
			buildPhases = (
				BA12D5B928B8CC7400ACC84C /* Sources */,
				BA12D5BA28B8CC7400ACC84C /* Frameworks */,
				BA12D5BB28B8CC7400ACC84C /* Resources */,
			);
			buildRules = (
			);
			dependencies = (
			);
			name = DatebaseRealm;
			packageProductDependencies = (
				BA12D5D528B8CE1A00ACC84C /* Realm */,
				BA12D5D728B8CE1A00ACC84C /* RealmSwift */,
			);
			productName = DatebaseRealm;
			productReference = BA12D5BD28B8CC7400ACC84C /* DatebaseRealm.app */;
			productType = "com.apple.product-type.application";
		};
/* End PBXNativeTarget section */

/* Begin PBXProject section */
		BA12D5B528B8CC7400ACC84C /* Project object */ = {
			isa = PBXProject;
			attributes = {
				BuildIndependentTargetsInParallel = 1;
				LastSwiftUpdateCheck = 1340;
				LastUpgradeCheck = 1340;
				TargetAttributes = {
					BA12D5BC28B8CC7400ACC84C = {
						CreatedOnToolsVersion = 13.4.1;
					};
				};
			};
			buildConfigurationList = BA12D5B828B8CC7400ACC84C /* Build configuration list for PBXProject "DatebaseRealm" */;
			compatibilityVersion = "Xcode 13.0";
			developmentRegion = en;
			hasScannedForEncodings = 0;
			knownRegions = (
				en,
				Base,
			);
			mainGroup = BA12D5B428B8CC7400ACC84C;
			packageReferences = (
				BA12D5D428B8CE1A00ACC84C /* XCRemoteSwiftPackageReference "realm-swift" */,
			);
			productRefGroup = BA12D5BE28B8CC7400ACC84C /* Products */;
			projectDirPath = "";
			projectRoot = "";
			targets = (
				BA12D5BC28B8CC7400ACC84C /* DatebaseRealm */,
			);
		};
/* End PBXProject section */

/* Begin PBXResourcesBuildPhase section */
		BA12D5BB28B8CC7400ACC84C /* Resources */ = {
			isa = PBXResourcesBuildPhase;
			buildActionMask = 2147483647;
			files = (
				BA12D5CD28B8CC7700ACC84C /* LaunchScreen.storyboard in Resources */,
				BA12D5CA28B8CC7700ACC84C /* Assets.xcassets in Resources */,
				BA12D5C828B8CC7400ACC84C /* Main.storyboard in Resources */,
			);
			runOnlyForDeploymentPostprocessing = 0;
		};
/* End PBXResourcesBuildPhase section */

/* Begin PBXSourcesBuildPhase section */
		BA12D5B928B8CC7400ACC84C /* Sources */ = {
			isa = PBXSourcesBuildPhase;
			buildActionMask = 2147483647;
			files = (
				BA12D5C528B8CC7400ACC84C /* ViewController.swift in Sources */,
				BA12D5C128B8CC7400ACC84C /* AppDelegate.swift in Sources */,
				BA12D5C328B8CC7400ACC84C /* SceneDelegate.swift in Sources */,
				BA12D5DA28B8CF1C00ACC84C /* Memo.swift in Sources */,
			);
			runOnlyForDeploymentPostprocessing = 0;
		};
/* End PBXSourcesBuildPhase section */

/* Begin PBXVariantGroup section */
		BA12D5C628B8CC7400ACC84C /* Main.storyboard */ = {
			isa = PBXVariantGroup;
			children = (
				BA12D5C728B8CC7400ACC84C /* Base */,
			);
			name = Main.storyboard;
			sourceTree = "<group>";
		};
		BA12D5CB28B8CC7700ACC84C /* LaunchScreen.storyboard */ = {
			isa = PBXVariantGroup;
			children = (
				BA12D5CC28B8CC7700ACC84C /* Base */,
			);
			name = LaunchScreen.storyboard;
			sourceTree = "<group>";
		};
/* End PBXVariantGroup section */

/* Begin XCBuildConfiguration section */
		BA12D5CF28B8CC7700ACC84C /* Debug */ = {
			isa = XCBuildConfiguration;
			buildSettings = {
				ALWAYS_SEARCH_USER_PATHS = NO;
				CLANG_ANALYZER_NONNULL = YES;
				CLANG_ANALYZER_NUMBER_OBJECT_CONVERSION = YES_AGGRESSIVE;
				CLANG_CXX_LANGUAGE_STANDARD = "gnu++17";
				CLANG_ENABLE_MODULES = YES;
				CLANG_ENABLE_OBJC_ARC = YES;
				CLANG_ENABLE_OBJC_WEAK = YES;
				CLANG_WARN_BLOCK_CAPTURE_AUTORELEASING = YES;
				CLANG_WARN_BOOL_CONVERSION = YES;
				CLANG_WARN_COMMA = YES;
				CLANG_WARN_CONSTANT_CONVERSION = YES;
				CLANG_WARN_DEPRECATED_OBJC_IMPLEMENTATIONS = YES;
				CLANG_WARN_DIRECT_OBJC_ISA_USAGE = YES_ERROR;
				CLANG_WARN_DOCUMENTATION_COMMENTS = YES;
				CLANG_WARN_EMPTY_BODY = YES;
				CLANG_WARN_ENUM_CONVERSION = YES;
				CLANG_WARN_INFINITE_RECURSION = YES;
				CLANG_WARN_INT_CONVERSION = YES;
				CLANG_WARN_NON_LITERAL_NULL_CONVERSION = YES;
				CLANG_WARN_OBJC_IMPLICIT_RETAIN_SELF = YES;
				CLANG_WARN_OBJC_LITERAL_CONVERSION = YES;
				CLANG_WARN_OBJC_ROOT_CLASS = YES_ERROR;
				CLANG_WARN_QUOTED_INCLUDE_IN_FRAMEWORK_HEADER = YES;
				CLANG_WARN_RANGE_LOOP_ANALYSIS = YES;
				CLANG_WARN_STRICT_PROTOTYPES = YES;
				CLANG_WARN_SUSPICIOUS_MOVE = YES;
				CLANG_WARN_UNGUARDED_AVAILABILITY = YES_AGGRESSIVE;
				CLANG_WARN_UNREACHABLE_CODE = YES;
				CLANG_WARN__DUPLICATE_METHOD_MATCH = YES;
				COPY_PHASE_STRIP = NO;
				DEBUG_INFORMATION_FORMAT = dwarf;
				ENABLE_STRICT_OBJC_MSGSEND = YES;
				ENABLE_TESTABILITY = YES;
				GCC_C_LANGUAGE_STANDARD = gnu11;
				GCC_DYNAMIC_NO_PIC = NO;
				GCC_NO_COMMON_BLOCKS = YES;
				GCC_OPTIMIZATION_LEVEL = 0;
				GCC_PREPROCESSOR_DEFINITIONS = (
					"DEBUG=1",
					"$(inherited)",
				);
				GCC_WARN_64_TO_32_BIT_CONVERSION = YES;
				GCC_WARN_ABOUT_RETURN_TYPE = YES_ERROR;
				GCC_WARN_UNDECLARED_SELECTOR = YES;
				GCC_WARN_UNINITIALIZED_AUTOS = YES_AGGRESSIVE;
				GCC_WARN_UNUSED_FUNCTION = YES;
				GCC_WARN_UNUSED_VARIABLE = YES;
				IPHONEOS_DEPLOYMENT_TARGET = 15.5;
				MTL_ENABLE_DEBUG_INFO = INCLUDE_SOURCE;
				MTL_FAST_MATH = YES;
				ONLY_ACTIVE_ARCH = YES;
				SDKROOT = iphoneos;
				SWIFT_ACTIVE_COMPILATION_CONDITIONS = DEBUG;
				SWIFT_OPTIMIZATION_LEVEL = "-Onone";
			};
			name = Debug;
		};
		BA12D5D028B8CC7700ACC84C /* Release */ = {
			isa = XCBuildConfiguration;
			buildSettings = {
				ALWAYS_SEARCH_USER_PATHS = NO;
				CLANG_ANALYZER_NONNULL = YES;
				CLANG_ANALYZER_NUMBER_OBJECT_CONVERSION = YES_AGGRESSIVE;
				CLANG_CXX_LANGUAGE_STANDARD = "gnu++17";
				CLANG_ENABLE_MODULES = YES;
				CLANG_ENABLE_OBJC_ARC = YES;
				CLANG_ENABLE_OBJC_WEAK = YES;
				CLANG_WARN_BLOCK_CAPTURE_AUTORELEASING = YES;
				CLANG_WARN_BOOL_CONVERSION = YES;
				CLANG_WARN_COMMA = YES;
				CLANG_WARN_CONSTANT_CONVERSION = YES;
				CLANG_WARN_DEPRECATED_OBJC_IMPLEMENTATIONS = YES;
				CLANG_WARN_DIRECT_OBJC_ISA_USAGE = YES_ERROR;
				CLANG_WARN_DOCUMENTATION_COMMENTS = YES;
				CLANG_WARN_EMPTY_BODY = YES;
				CLANG_WARN_ENUM_CONVERSION = YES;
				CLANG_WARN_INFINITE_RECURSION = YES;
				CLANG_WARN_INT_CONVERSION = YES;
				CLANG_WARN_NON_LITERAL_NULL_CONVERSION = YES;
				CLANG_WARN_OBJC_IMPLICIT_RETAIN_SELF = YES;
				CLANG_WARN_OBJC_LITERAL_CONVERSION = YES;
				CLANG_WARN_OBJC_ROOT_CLASS = YES_ERROR;
				CLANG_WARN_QUOTED_INCLUDE_IN_FRAMEWORK_HEADER = YES;
				CLANG_WARN_RANGE_LOOP_ANALYSIS = YES;
				CLANG_WARN_STRICT_PROTOTYPES = YES;
				CLANG_WARN_SUSPICIOUS_MOVE = YES;
				CLANG_WARN_UNGUARDED_AVAILABILITY = YES_AGGRESSIVE;
				CLANG_WARN_UNREACHABLE_CODE = YES;
				CLANG_WARN__DUPLICATE_METHOD_MATCH = YES;
				COPY_PHASE_STRIP = NO;
				DEBUG_INFORMATION_FORMAT = "dwarf-with-dsym";
				ENABLE_NS_ASSERTIONS = NO;
				ENABLE_STRICT_OBJC_MSGSEND = YES;
				GCC_C_LANGUAGE_STANDARD = gnu11;
				GCC_NO_COMMON_BLOCKS = YES;
				GCC_WARN_64_TO_32_BIT_CONVERSION = YES;
				GCC_WARN_ABOUT_RETURN_TYPE = YES_ERROR;
				GCC_WARN_UNDECLARED_SELECTOR = YES;
				GCC_WARN_UNINITIALIZED_AUTOS = YES_AGGRESSIVE;
				GCC_WARN_UNUSED_FUNCTION = YES;
				GCC_WARN_UNUSED_VARIABLE = YES;
				IPHONEOS_DEPLOYMENT_TARGET = 15.5;
				MTL_ENABLE_DEBUG_INFO = NO;
				MTL_FAST_MATH = YES;
				SDKROOT = iphoneos;
				SWIFT_COMPILATION_MODE = wholemodule;
				SWIFT_OPTIMIZATION_LEVEL = "-O";
				VALIDATE_PRODUCT = YES;
			};
			name = Release;
		};
		BA12D5D228B8CC7700ACC84C /* Debug */ = {
			isa = XCBuildConfiguration;
			buildSettings = {
				ASSETCATALOG_COMPILER_APPICON_NAME = AppIcon;
				ASSETCATALOG_COMPILER_GLOBAL_ACCENT_COLOR_NAME = AccentColor;
				CODE_SIGN_STYLE = Automatic;
				CURRENT_PROJECT_VERSION = 1;
				GENERATE_INFOPLIST_FILE = YES;
				INFOPLIST_FILE = DatebaseRealm/Info.plist;
				INFOPLIST_KEY_UIApplicationSupportsIndirectInputEvents = YES;
				INFOPLIST_KEY_UILaunchStoryboardName = LaunchScreen;
				INFOPLIST_KEY_UIMainStoryboardFile = Main;
				INFOPLIST_KEY_UISupportedInterfaceOrientations_iPad = "UIInterfaceOrientationPortrait UIInterfaceOrientationPortraitUpsideDown UIInterfaceOrientationLandscapeLeft UIInterfaceOrientationLandscapeRight";
				INFOPLIST_KEY_UISupportedInterfaceOrientations_iPhone = "UIInterfaceOrientationPortrait UIInterfaceOrientationLandscapeLeft UIInterfaceOrientationLandscapeRight";
				LD_RUNPATH_SEARCH_PATHS = (
					"$(inherited)",
					"@executable_path/Frameworks",
				);
				MARKETING_VERSION = 1.0;
				PRODUCT_BUNDLE_IDENTIFIER = com.fujii.jiifu.DatebaseRealm;
				PRODUCT_NAME = "$(TARGET_NAME)";
				SWIFT_EMIT_LOC_STRINGS = YES;
				SWIFT_VERSION = 5.0;
				TARGETED_DEVICE_FAMILY = "1,2";
			};
			name = Debug;
		};
		BA12D5D328B8CC7700ACC84C /* Release */ = {
			isa = XCBuildConfiguration;
			buildSettings = {
				ASSETCATALOG_COMPILER_APPICON_NAME = AppIcon;
				ASSETCATALOG_COMPILER_GLOBAL_ACCENT_COLOR_NAME = AccentColor;
				CODE_SIGN_STYLE = Automatic;
				CURRENT_PROJECT_VERSION = 1;
				GENERATE_INFOPLIST_FILE = YES;
				INFOPLIST_FILE = DatebaseRealm/Info.plist;
				INFOPLIST_KEY_UIApplicationSupportsIndirectInputEvents = YES;
				INFOPLIST_KEY_UILaunchStoryboardName = LaunchScreen;
				INFOPLIST_KEY_UIMainStoryboardFile = Main;
				INFOPLIST_KEY_UISupportedInterfaceOrientations_iPad = "UIInterfaceOrientationPortrait UIInterfaceOrientationPortraitUpsideDown UIInterfaceOrientationLandscapeLeft UIInterfaceOrientationLandscapeRight";
				INFOPLIST_KEY_UISupportedInterfaceOrientations_iPhone = "UIInterfaceOrientationPortrait UIInterfaceOrientationLandscapeLeft UIInterfaceOrientationLandscapeRight";
				LD_RUNPATH_SEARCH_PATHS = (
					"$(inherited)",
					"@executable_path/Frameworks",
				);
				MARKETING_VERSION = 1.0;
				PRODUCT_BUNDLE_IDENTIFIER = com.fujii.jiifu.DatebaseRealm;
				PRODUCT_NAME = "$(TARGET_NAME)";
				SWIFT_EMIT_LOC_STRINGS = YES;
				SWIFT_VERSION = 5.0;
				TARGETED_DEVICE_FAMILY = "1,2";
			};
			name = Release;
		};
/* End XCBuildConfiguration section */

/* Begin XCConfigurationList section */
		BA12D5B828B8CC7400ACC84C /* Build configuration list for PBXProject "DatebaseRealm" */ = {
			isa = XCConfigurationList;
			buildConfigurations = (
				BA12D5CF28B8CC7700ACC84C /* Debug */,
				BA12D5D028B8CC7700ACC84C /* Release */,
			);
			defaultConfigurationIsVisible = 0;
			defaultConfigurationName = Release;
		};
		BA12D5D128B8CC7700ACC84C /* Build configuration list for PBXNativeTarget "DatebaseRealm" */ = {
			isa = XCConfigurationList;
			buildConfigurations = (
				BA12D5D228B8CC7700ACC84C /* Debug */,
				BA12D5D328B8CC7700ACC84C /* Release */,
			);
			defaultConfigurationIsVisible = 0;
			defaultConfigurationName = Release;
		};
/* End XCConfigurationList section */

/* Begin XCRemoteSwiftPackageReference section */
		BA12D5D428B8CE1A00ACC84C /* XCRemoteSwiftPackageReference "realm-swift" */ = {
			isa = XCRemoteSwiftPackageReference;
			repositoryURL = "https://github.com/realm/realm-swift";
			requirement = {
				kind = upToNextMajorVersion;
				minimumVersion = 5.0.0;
			};
		};
/* End XCRemoteSwiftPackageReference section */

/* Begin XCSwiftPackageProductDependency section */
		BA12D5D528B8CE1A00ACC84C /* Realm */ = {
			isa = XCSwiftPackageProductDependency;
			package = BA12D5D428B8CE1A00ACC84C /* XCRemoteSwiftPackageReference "realm-swift" */;
			productName = Realm;
		};
		BA12D5D728B8CE1A00ACC84C /* RealmSwift */ = {
			isa = XCSwiftPackageProductDependency;
			package = BA12D5D428B8CE1A00ACC84C /* XCRemoteSwiftPackageReference "realm-swift" */;
			productName = RealmSwift;
		};
/* End XCSwiftPackageProductDependency section */
	};
	rootObject = BA12D5B528B8CC7400ACC84C /* Project object */;
}
